
Microsoft Visual Studio Solution File, Format Version 12.00
# Visual Studio 15
VisualStudioVersion = 15.0.26403.0
MinimumVisualStudioVersion = 10.0.40219.1
Project("{8BC9CEB8-8B4A-11D0-8D11-00A0C91BC942}") = "WhyTheFuckIsMyNetworkSoSlow-Backend", "..\..\Backend\Projects\VisualStudio.Net-2019\WhyTheFuckIsMyNetworkSoSlow-Backend.vcxproj", "{2E2192CA-3B55-45AD-A66A-3E43FAB9B42C}"
	ProjectSection(ProjectDependencies) = postProject
		{76C03E61-1308-4973-ABDA-2E83210A5B52} = {76C03E61-1308-4973-ABDA-2E83210A5B52}
		{A6C00B9D-8B7F-4C43-A043-1127387E712D} = {A6C00B9D-8B7F-4C43-A043-1127387E712D}
	EndProjectSection
EndProject
Project("{8BC9CEB8-8B4A-11D0-8D11-00A0C91BC942}") = "Stroika-Frameworks-SystemPerformance", "..\..\ThirdPartyComponents\Stroika\StroikaRoot\Library\Projects\VisualStudio.Net-2019\Stroika-Frameworks-SystemPerformance.vcxproj", "{A6C00B9D-8B7F-4C43-A043-1127387E712D}"
EndProject
Project("{8BC9CEB8-8B4A-11D0-8D11-00A0C91BC942}") = "Stroika-Frameworks-WebServer", "..\..\ThirdPartyComponents\Stroika\StroikaRoot\Library\Projects\VisualStudio.Net-2019\Stroika-Frameworks-WebServer.vcxproj", "{BB1903E4-C75B-430B-9E6F-8CAEA64BF194}"
EndProject
Project("{8BC9CEB8-8B4A-11D0-8D11-00A0C91BC942}") = "Stroika-Frameworks-Service", "..\..\ThirdPartyComponents\Stroika\StroikaRoot\Library\Projects\VisualStudio.Net-2019\Stroika-Frameworks-Service.vcxproj", "{76C03E61-1308-4973-ABDA-2E83210A5B52}"
EndProject
Project("{8BC9CEB8-8B4A-11D0-8D11-00A0C91BC942}") = "Stroika-Foundation", "..\..\ThirdPartyComponents\Stroika\StroikaRoot\Library\Projects\VisualStudio.Net-2019\Stroika-Foundation.vcxproj", "{5AFC8E54-EFA6-45A6-9E8F-7BB89C84AE5B}"
EndProject
Project("{2150E333-8FDC-42A3-9474-1A3956D46DE8}") = "ROOT-FOLDER", "ROOT-FOLDER", "{8184CE9F-C478-4792-9649-C652C914C316}"
	ProjectSection(SolutionItems) = preProject
		..\..\.clang-format = ..\..\.clang-format
		..\..\.gitattributes = ..\..\.gitattributes
		..\..\.gitignore = ..\..\.gitignore
		..\..\.gitmodules = ..\..\.gitmodules
		..\..\Makefile = ..\..\Makefile
		..\..\README.md = ..\..\README.md
		..\..\TODO.txt = ..\..\TODO.txt
		..\..\VERSION = ..\..\VERSION
	EndProjectSection
EndProject
Project("{8BC9CEB8-8B4A-11D0-8D11-00A0C91BC942}") = "Stroika-Frameworks-UPnP", "..\..\ThirdPartyComponents\Stroika\StroikaRoot\Library\Projects\VisualStudio.Net-2019\Stroika-Frameworks-UPnP.vcxproj", "{3ADD4C32-1D77-47A2-9F23-83908A2446F6}"
EndProject
Project("{2150E333-8FDC-42A3-9474-1A3956D46DE8}") = "ThirdPartyComponents", "ThirdPartyComponents", "{679BC6AD-01AF-4A16-9EF4-16BE283E2F97}"
	ProjectSection(SolutionItems) = preProject
		..\..\ThirdPartyComponents\Makefile = ..\..\ThirdPartyComponents\Makefile
	EndProjectSection
EndProject
Project("{2150E333-8FDC-42A3-9474-1A3956D46DE8}") = "Stroika", "Stroika", "{53CC012B-669C-4426-8E2A-776A0F3F35D0}"
	ProjectSection(SolutionItems) = preProject
		..\..\ThirdPartyComponents\Stroika\Makefile = ..\..\ThirdPartyComponents\Stroika\Makefile
	EndProjectSection
EndProject
Project("{8BC9CEB8-8B4A-11D0-8D11-00A0C91BC942}") = "Stroika-Frameworks-WebService", "..\..\ThirdPartyComponents\Stroika\StroikaRoot\Library\Projects\VisualStudio.Net-2019\Stroika-Frameworks-WebService.vcxproj", "{9454F6D7-68B9-4C91-92D1-99958EC9EA42}"
EndProject
Project("{8BC9CEB8-8B4A-11D0-8D11-00A0C91BC942}") = "Stroika-Frameworks-NetworkMonitor", "..\..\ThirdPartyComponents\Stroika\StroikaRoot\Library\Projects\VisualStudio.Net-2019\Stroika-Frameworks-NetworkMonitor.vcxproj", "{808123CA-811B-455B-A0B8-B93D289CB7B1}"
EndProject
Project("{2150E333-8FDC-42A3-9474-1A3956D46DE8}") = "Installers", "Installers", "{2BAB6D3D-C91B-41E0-B5D1-583600211F3C}"
	ProjectSection(SolutionItems) = preProject
		..\..\Installers\Installer.wix = ..\..\Installers\Installer.wix
		..\..\Installers\Installer_en-us.wxl = ..\..\Installers\Installer_en-us.wxl
		..\..\Installers\Makefile = ..\..\Installers\Makefile
		..\..\Installers\whythefuckismynetworksoslow.control = ..\..\Installers\whythefuckismynetworksoslow.control
		..\..\Installers\whythefuckismynetworksoslow.rpm.spec = ..\..\Installers\whythefuckismynetworksoslow.rpm.spec
		..\..\Installers\whythefuckismynetworksoslow.service = ..\..\Installers\whythefuckismynetworksoslow.service
	EndProjectSection
EndProject
Global
	GlobalSection(SolutionConfigurationPlatforms) = preSolution
		Debug-A-32|x64 = Debug-A-32|x64
		Debug-A-32|x86 = Debug-A-32|x86
		Debug-U-32|x64 = Debug-U-32|x64
		Debug-U-32|x86 = Debug-U-32|x86
		Debug-U-64|x64 = Debug-U-64|x64
		Debug-U-64|x86 = Debug-U-64|x86
		Release-A-32|x64 = Release-A-32|x64
		Release-A-32|x86 = Release-A-32|x86
		Release-DbgMemLeaks-U-32|x64 = Release-DbgMemLeaks-U-32|x64
		Release-DbgMemLeaks-U-32|x86 = Release-DbgMemLeaks-U-32|x86
		Release-Logging-U-32|x64 = Release-Logging-U-32|x64
		Release-Logging-U-32|x86 = Release-Logging-U-32|x86
		Release-Logging-U-64|x64 = Release-Logging-U-64|x64
		Release-Logging-U-64|x86 = Release-Logging-U-64|x86
		Release-U-32|x64 = Release-U-32|x64
		Release-U-32|x86 = Release-U-32|x86
		Release-U-64|x64 = Release-U-64|x64
		Release-U-64|x86 = Release-U-64|x86
	EndGlobalSection
	GlobalSection(ProjectConfigurationPlatforms) = postSolution
		{2E2192CA-3B55-45AD-A66A-3E43FAB9B42C}.Debug-A-32|x64.ActiveCfg = Debug-A-32|x64
		{2E2192CA-3B55-45AD-A66A-3E43FAB9B42C}.Debug-A-32|x64.Build.0 = Debug-A-32|x64
		{2E2192CA-3B55-45AD-A66A-3E43FAB9B42C}.Debug-A-32|x86.ActiveCfg = Debug-A-32|Win32
		{2E2192CA-3B55-45AD-A66A-3E43FAB9B42C}.Debug-A-32|x86.Build.0 = Debug-A-32|Win32
		{2E2192CA-3B55-45AD-A66A-3E43FAB9B42C}.Debug-U-32|x64.ActiveCfg = Debug-U-32|x64
		{2E2192CA-3B55-45AD-A66A-3E43FAB9B42C}.Debug-U-32|x64.Build.0 = Debug-U-32|x64
		{2E2192CA-3B55-45AD-A66A-3E43FAB9B42C}.Debug-U-32|x86.ActiveCfg = Debug-U-32|Win32
		{2E2192CA-3B55-45AD-A66A-3E43FAB9B42C}.Debug-U-32|x86.Build.0 = Debug-U-32|Win32
		{2E2192CA-3B55-45AD-A66A-3E43FAB9B42C}.Debug-U-64|x64.ActiveCfg = Debug-U-64|x64
		{2E2192CA-3B55-45AD-A66A-3E43FAB9B42C}.Debug-U-64|x64.Build.0 = Debug-U-64|x64
		{2E2192CA-3B55-45AD-A66A-3E43FAB9B42C}.Debug-U-64|x86.ActiveCfg = Debug-U-64|Win32
		{2E2192CA-3B55-45AD-A66A-3E43FAB9B42C}.Debug-U-64|x86.Build.0 = Debug-U-64|Win32
		{2E2192CA-3B55-45AD-A66A-3E43FAB9B42C}.Release-A-32|x64.ActiveCfg = Release-A-32|x64
		{2E2192CA-3B55-45AD-A66A-3E43FAB9B42C}.Release-A-32|x64.Build.0 = Release-A-32|x64
		{2E2192CA-3B55-45AD-A66A-3E43FAB9B42C}.Release-A-32|x86.ActiveCfg = Release-A-32|Win32
		{2E2192CA-3B55-45AD-A66A-3E43FAB9B42C}.Release-A-32|x86.Build.0 = Release-A-32|Win32
		{2E2192CA-3B55-45AD-A66A-3E43FAB9B42C}.Release-DbgMemLeaks-U-32|x64.ActiveCfg = Release-U-32|x64
		{2E2192CA-3B55-45AD-A66A-3E43FAB9B42C}.Release-DbgMemLeaks-U-32|x64.Build.0 = Release-U-32|x64
		{2E2192CA-3B55-45AD-A66A-3E43FAB9B42C}.Release-DbgMemLeaks-U-32|x86.ActiveCfg = Release-A-32|Win32
		{2E2192CA-3B55-45AD-A66A-3E43FAB9B42C}.Release-DbgMemLeaks-U-32|x86.Build.0 = Release-A-32|Win32
		{2E2192CA-3B55-45AD-A66A-3E43FAB9B42C}.Release-Logging-U-32|x64.ActiveCfg = Release-U-32|x64
		{2E2192CA-3B55-45AD-A66A-3E43FAB9B42C}.Release-Logging-U-32|x64.Build.0 = Release-U-32|x64
		{2E2192CA-3B55-45AD-A66A-3E43FAB9B42C}.Release-Logging-U-32|x86.ActiveCfg = Release-A-32|Win32
		{2E2192CA-3B55-45AD-A66A-3E43FAB9B42C}.Release-Logging-U-32|x86.Build.0 = Release-A-32|Win32
		{2E2192CA-3B55-45AD-A66A-3E43FAB9B42C}.Release-Logging-U-64|x64.ActiveCfg = Release-U-32|x64
		{2E2192CA-3B55-45AD-A66A-3E43FAB9B42C}.Release-Logging-U-64|x64.Build.0 = Release-U-32|x64
		{2E2192CA-3B55-45AD-A66A-3E43FAB9B42C}.Release-Logging-U-64|x86.ActiveCfg = Release-A-32|Win32
		{2E2192CA-3B55-45AD-A66A-3E43FAB9B42C}.Release-Logging-U-64|x86.Build.0 = Release-A-32|Win32
		{2E2192CA-3B55-45AD-A66A-3E43FAB9B42C}.Release-U-32|x64.ActiveCfg = Release-U-32|x64
		{2E2192CA-3B55-45AD-A66A-3E43FAB9B42C}.Release-U-32|x64.Build.0 = Release-U-32|x64
		{2E2192CA-3B55-45AD-A66A-3E43FAB9B42C}.Release-U-32|x86.ActiveCfg = Release-U-32|Win32
		{2E2192CA-3B55-45AD-A66A-3E43FAB9B42C}.Release-U-32|x86.Build.0 = Release-U-32|Win32
		{2E2192CA-3B55-45AD-A66A-3E43FAB9B42C}.Release-U-64|x64.ActiveCfg = Release-U-64|x64
		{2E2192CA-3B55-45AD-A66A-3E43FAB9B42C}.Release-U-64|x64.Build.0 = Release-U-64|x64
		{2E2192CA-3B55-45AD-A66A-3E43FAB9B42C}.Release-U-64|x86.ActiveCfg = Release-U-64|Win32
		{2E2192CA-3B55-45AD-A66A-3E43FAB9B42C}.Release-U-64|x86.Build.0 = Release-U-64|Win32
		{A6C00B9D-8B7F-4C43-A043-1127387E712D}.Debug-A-32|x64.ActiveCfg = Debug-A-32|x64
		{A6C00B9D-8B7F-4C43-A043-1127387E712D}.Debug-A-32|x64.Build.0 = Debug-A-32|x64
		{A6C00B9D-8B7F-4C43-A043-1127387E712D}.Debug-A-32|x86.ActiveCfg = Debug-A-32|Win32
		{A6C00B9D-8B7F-4C43-A043-1127387E712D}.Debug-A-32|x86.Build.0 = Debug-A-32|Win32
		{A6C00B9D-8B7F-4C43-A043-1127387E712D}.Debug-U-32|x64.ActiveCfg = Debug-U-32|x64
		{A6C00B9D-8B7F-4C43-A043-1127387E712D}.Debug-U-32|x64.Build.0 = Debug-U-32|x64
		{A6C00B9D-8B7F-4C43-A043-1127387E712D}.Debug-U-32|x86.ActiveCfg = Debug-U-32|Win32
		{A6C00B9D-8B7F-4C43-A043-1127387E712D}.Debug-U-32|x86.Build.0 = Debug-U-32|Win32
		{A6C00B9D-8B7F-4C43-A043-1127387E712D}.Debug-U-64|x64.ActiveCfg = Debug-U-64|x64
		{A6C00B9D-8B7F-4C43-A043-1127387E712D}.Debug-U-64|x64.Build.0 = Debug-U-64|x64
		{A6C00B9D-8B7F-4C43-A043-1127387E712D}.Debug-U-64|x86.ActiveCfg = Debug-U-64|Win32
		{A6C00B9D-8B7F-4C43-A043-1127387E712D}.Debug-U-64|x86.Build.0 = Debug-U-64|Win32
		{A6C00B9D-8B7F-4C43-A043-1127387E712D}.Release-A-32|x64.ActiveCfg = Release-A-32|x64
		{A6C00B9D-8B7F-4C43-A043-1127387E712D}.Release-A-32|x64.Build.0 = Release-A-32|x64
		{A6C00B9D-8B7F-4C43-A043-1127387E712D}.Release-A-32|x86.ActiveCfg = Release-A-32|Win32
		{A6C00B9D-8B7F-4C43-A043-1127387E712D}.Release-A-32|x86.Build.0 = Release-A-32|Win32
		{A6C00B9D-8B7F-4C43-A043-1127387E712D}.Release-DbgMemLeaks-U-32|x64.ActiveCfg = Release-DbgMemLeaks-U-32|x64
		{A6C00B9D-8B7F-4C43-A043-1127387E712D}.Release-DbgMemLeaks-U-32|x64.Build.0 = Release-DbgMemLeaks-U-32|x64
		{A6C00B9D-8B7F-4C43-A043-1127387E712D}.Release-DbgMemLeaks-U-32|x86.ActiveCfg = Release-DbgMemLeaks-U-32|Win32
		{A6C00B9D-8B7F-4C43-A043-1127387E712D}.Release-DbgMemLeaks-U-32|x86.Build.0 = Release-DbgMemLeaks-U-32|Win32
		{A6C00B9D-8B7F-4C43-A043-1127387E712D}.Release-Logging-U-32|x64.ActiveCfg = Release-Logging-U-32|x64
		{A6C00B9D-8B7F-4C43-A043-1127387E712D}.Release-Logging-U-32|x64.Build.0 = Release-Logging-U-32|x64
		{A6C00B9D-8B7F-4C43-A043-1127387E712D}.Release-Logging-U-32|x86.ActiveCfg = Release-Logging-U-32|Win32
		{A6C00B9D-8B7F-4C43-A043-1127387E712D}.Release-Logging-U-32|x86.Build.0 = Release-Logging-U-32|Win32
		{A6C00B9D-8B7F-4C43-A043-1127387E712D}.Release-Logging-U-64|x64.ActiveCfg = Release-Logging-U-64|x64
		{A6C00B9D-8B7F-4C43-A043-1127387E712D}.Release-Logging-U-64|x64.Build.0 = Release-Logging-U-64|x64
		{A6C00B9D-8B7F-4C43-A043-1127387E712D}.Release-Logging-U-64|x86.ActiveCfg = Release-Logging-U-64|Win32
		{A6C00B9D-8B7F-4C43-A043-1127387E712D}.Release-Logging-U-64|x86.Build.0 = Release-Logging-U-64|Win32
		{A6C00B9D-8B7F-4C43-A043-1127387E712D}.Release-U-32|x64.ActiveCfg = Release-U-32|x64
		{A6C00B9D-8B7F-4C43-A043-1127387E712D}.Release-U-32|x64.Build.0 = Release-U-32|x64
		{A6C00B9D-8B7F-4C43-A043-1127387E712D}.Release-U-32|x86.ActiveCfg = Release-U-32|Win32
		{A6C00B9D-8B7F-4C43-A043-1127387E712D}.Release-U-32|x86.Build.0 = Release-U-32|Win32
		{A6C00B9D-8B7F-4C43-A043-1127387E712D}.Release-U-64|x64.ActiveCfg = Release-U-64|x64
		{A6C00B9D-8B7F-4C43-A043-1127387E712D}.Release-U-64|x64.Build.0 = Release-U-64|x64
		{A6C00B9D-8B7F-4C43-A043-1127387E712D}.Release-U-64|x86.ActiveCfg = Release-U-64|Win32
		{A6C00B9D-8B7F-4C43-A043-1127387E712D}.Release-U-64|x86.Build.0 = Release-U-64|Win32
		{BB1903E4-C75B-430B-9E6F-8CAEA64BF194}.Debug-A-32|x64.ActiveCfg = Debug-A-32|x64
		{BB1903E4-C75B-430B-9E6F-8CAEA64BF194}.Debug-A-32|x64.Build.0 = Debug-A-32|x64
		{BB1903E4-C75B-430B-9E6F-8CAEA64BF194}.Debug-A-32|x86.ActiveCfg = Debug-A-32|Win32
		{BB1903E4-C75B-430B-9E6F-8CAEA64BF194}.Debug-A-32|x86.Build.0 = Debug-A-32|Win32
		{BB1903E4-C75B-430B-9E6F-8CAEA64BF194}.Debug-U-32|x64.ActiveCfg = Debug-U-32|x64
		{BB1903E4-C75B-430B-9E6F-8CAEA64BF194}.Debug-U-32|x64.Build.0 = Debug-U-32|x64
		{BB1903E4-C75B-430B-9E6F-8CAEA64BF194}.Debug-U-32|x86.ActiveCfg = Debug-U-32|Win32
		{BB1903E4-C75B-430B-9E6F-8CAEA64BF194}.Debug-U-32|x86.Build.0 = Debug-U-32|Win32
		{BB1903E4-C75B-430B-9E6F-8CAEA64BF194}.Debug-U-64|x64.ActiveCfg = Debug-U-64|x64
		{BB1903E4-C75B-430B-9E6F-8CAEA64BF194}.Debug-U-64|x64.Build.0 = Debug-U-64|x64
		{BB1903E4-C75B-430B-9E6F-8CAEA64BF194}.Debug-U-64|x86.ActiveCfg = Debug-U-64|Win32
		{BB1903E4-C75B-430B-9E6F-8CAEA64BF194}.Debug-U-64|x86.Build.0 = Debug-U-64|Win32
		{BB1903E4-C75B-430B-9E6F-8CAEA64BF194}.Release-A-32|x64.ActiveCfg = Release-A-32|x64
		{BB1903E4-C75B-430B-9E6F-8CAEA64BF194}.Release-A-32|x64.Build.0 = Release-A-32|x64
		{BB1903E4-C75B-430B-9E6F-8CAEA64BF194}.Release-A-32|x86.ActiveCfg = Release-A-32|Win32
		{BB1903E4-C75B-430B-9E6F-8CAEA64BF194}.Release-A-32|x86.Build.0 = Release-A-32|Win32
		{BB1903E4-C75B-430B-9E6F-8CAEA64BF194}.Release-DbgMemLeaks-U-32|x64.ActiveCfg = Release-DbgMemLeaks-U-32|x64
		{BB1903E4-C75B-430B-9E6F-8CAEA64BF194}.Release-DbgMemLeaks-U-32|x64.Build.0 = Release-DbgMemLeaks-U-32|x64
		{BB1903E4-C75B-430B-9E6F-8CAEA64BF194}.Release-DbgMemLeaks-U-32|x86.ActiveCfg = Release-DbgMemLeaks-U-32|Win32
		{BB1903E4-C75B-430B-9E6F-8CAEA64BF194}.Release-DbgMemLeaks-U-32|x86.Build.0 = Release-DbgMemLeaks-U-32|Win32
		{BB1903E4-C75B-430B-9E6F-8CAEA64BF194}.Release-Logging-U-32|x64.ActiveCfg = Release-Logging-U-32|x64
		{BB1903E4-C75B-430B-9E6F-8CAEA64BF194}.Release-Logging-U-32|x64.Build.0 = Release-Logging-U-32|x64
		{BB1903E4-C75B-430B-9E6F-8CAEA64BF194}.Release-Logging-U-32|x86.ActiveCfg = Release-Logging-U-32|Win32
		{BB1903E4-C75B-430B-9E6F-8CAEA64BF194}.Release-Logging-U-32|x86.Build.0 = Release-Logging-U-32|Win32
		{BB1903E4-C75B-430B-9E6F-8CAEA64BF194}.Release-Logging-U-64|x64.ActiveCfg = Release-Logging-U-64|x64
		{BB1903E4-C75B-430B-9E6F-8CAEA64BF194}.Release-Logging-U-64|x64.Build.0 = Release-Logging-U-64|x64
		{BB1903E4-C75B-430B-9E6F-8CAEA64BF194}.Release-Logging-U-64|x86.ActiveCfg = Release-Logging-U-64|Win32
		{BB1903E4-C75B-430B-9E6F-8CAEA64BF194}.Release-Logging-U-64|x86.Build.0 = Release-Logging-U-64|Win32
		{BB1903E4-C75B-430B-9E6F-8CAEA64BF194}.Release-U-32|x64.ActiveCfg = Release-U-32|x64
		{BB1903E4-C75B-430B-9E6F-8CAEA64BF194}.Release-U-32|x64.Build.0 = Release-U-32|x64
		{BB1903E4-C75B-430B-9E6F-8CAEA64BF194}.Release-U-32|x86.ActiveCfg = Release-U-32|Win32
		{BB1903E4-C75B-430B-9E6F-8CAEA64BF194}.Release-U-32|x86.Build.0 = Release-U-32|Win32
		{BB1903E4-C75B-430B-9E6F-8CAEA64BF194}.Release-U-64|x64.ActiveCfg = Release-U-64|x64
		{BB1903E4-C75B-430B-9E6F-8CAEA64BF194}.Release-U-64|x64.Build.0 = Release-U-64|x64
		{BB1903E4-C75B-430B-9E6F-8CAEA64BF194}.Release-U-64|x86.ActiveCfg = Release-U-64|Win32
		{BB1903E4-C75B-430B-9E6F-8CAEA64BF194}.Release-U-64|x86.Build.0 = Release-U-64|Win32
		{76C03E61-1308-4973-ABDA-2E83210A5B52}.Debug-A-32|x64.ActiveCfg = Debug-A-32|x64
		{76C03E61-1308-4973-ABDA-2E83210A5B52}.Debug-A-32|x64.Build.0 = Debug-A-32|x64
		{76C03E61-1308-4973-ABDA-2E83210A5B52}.Debug-A-32|x86.ActiveCfg = Debug-A-32|Win32
		{76C03E61-1308-4973-ABDA-2E83210A5B52}.Debug-A-32|x86.Build.0 = Debug-A-32|Win32
		{76C03E61-1308-4973-ABDA-2E83210A5B52}.Debug-U-32|x64.ActiveCfg = Debug-U-32|x64
		{76C03E61-1308-4973-ABDA-2E83210A5B52}.Debug-U-32|x64.Build.0 = Debug-U-32|x64
		{76C03E61-1308-4973-ABDA-2E83210A5B52}.Debug-U-32|x86.ActiveCfg = Debug-U-32|Win32
		{76C03E61-1308-4973-ABDA-2E83210A5B52}.Debug-U-32|x86.Build.0 = Debug-U-32|Win32
		{76C03E61-1308-4973-ABDA-2E83210A5B52}.Debug-U-64|x64.ActiveCfg = Debug-U-64|x64
		{76C03E61-1308-4973-ABDA-2E83210A5B52}.Debug-U-64|x64.Build.0 = Debug-U-64|x64
		{76C03E61-1308-4973-ABDA-2E83210A5B52}.Debug-U-64|x86.ActiveCfg = Debug-U-64|Win32
		{76C03E61-1308-4973-ABDA-2E83210A5B52}.Debug-U-64|x86.Build.0 = Debug-U-64|Win32
		{76C03E61-1308-4973-ABDA-2E83210A5B52}.Release-A-32|x64.ActiveCfg = Release-A-32|x64
		{76C03E61-1308-4973-ABDA-2E83210A5B52}.Release-A-32|x64.Build.0 = Release-A-32|x64
		{76C03E61-1308-4973-ABDA-2E83210A5B52}.Release-A-32|x86.ActiveCfg = Release-A-32|Win32
		{76C03E61-1308-4973-ABDA-2E83210A5B52}.Release-A-32|x86.Build.0 = Release-A-32|Win32
		{76C03E61-1308-4973-ABDA-2E83210A5B52}.Release-DbgMemLeaks-U-32|x64.ActiveCfg = Release-DbgMemLeaks-U-32|x64
		{76C03E61-1308-4973-ABDA-2E83210A5B52}.Release-DbgMemLeaks-U-32|x64.Build.0 = Release-DbgMemLeaks-U-32|x64
		{76C03E61-1308-4973-ABDA-2E83210A5B52}.Release-DbgMemLeaks-U-32|x86.ActiveCfg = Release-DbgMemLeaks-U-32|Win32
		{76C03E61-1308-4973-ABDA-2E83210A5B52}.Release-DbgMemLeaks-U-32|x86.Build.0 = Release-DbgMemLeaks-U-32|Win32
		{76C03E61-1308-4973-ABDA-2E83210A5B52}.Release-Logging-U-32|x64.ActiveCfg = Release-Logging-U-32|x64
		{76C03E61-1308-4973-ABDA-2E83210A5B52}.Release-Logging-U-32|x64.Build.0 = Release-Logging-U-32|x64
		{76C03E61-1308-4973-ABDA-2E83210A5B52}.Release-Logging-U-32|x86.ActiveCfg = Release-Logging-U-32|Win32
		{76C03E61-1308-4973-ABDA-2E83210A5B52}.Release-Logging-U-32|x86.Build.0 = Release-Logging-U-32|Win32
		{76C03E61-1308-4973-ABDA-2E83210A5B52}.Release-Logging-U-64|x64.ActiveCfg = Release-Logging-U-64|x64
		{76C03E61-1308-4973-ABDA-2E83210A5B52}.Release-Logging-U-64|x64.Build.0 = Release-Logging-U-64|x64
		{76C03E61-1308-4973-ABDA-2E83210A5B52}.Release-Logging-U-64|x86.ActiveCfg = Release-Logging-U-64|Win32
		{76C03E61-1308-4973-ABDA-2E83210A5B52}.Release-Logging-U-64|x86.Build.0 = Release-Logging-U-64|Win32
		{76C03E61-1308-4973-ABDA-2E83210A5B52}.Release-U-32|x64.ActiveCfg = Release-U-32|x64
		{76C03E61-1308-4973-ABDA-2E83210A5B52}.Release-U-32|x64.Build.0 = Release-U-32|x64
		{76C03E61-1308-4973-ABDA-2E83210A5B52}.Release-U-32|x86.ActiveCfg = Release-U-32|Win32
		{76C03E61-1308-4973-ABDA-2E83210A5B52}.Release-U-32|x86.Build.0 = Release-U-32|Win32
		{76C03E61-1308-4973-ABDA-2E83210A5B52}.Release-U-64|x64.ActiveCfg = Release-U-64|x64
		{76C03E61-1308-4973-ABDA-2E83210A5B52}.Release-U-64|x64.Build.0 = Release-U-64|x64
		{76C03E61-1308-4973-ABDA-2E83210A5B52}.Release-U-64|x86.ActiveCfg = Release-U-64|Win32
		{76C03E61-1308-4973-ABDA-2E83210A5B52}.Release-U-64|x86.Build.0 = Release-U-64|Win32
		{5AFC8E54-EFA6-45A6-9E8F-7BB89C84AE5B}.Debug-A-32|x64.ActiveCfg = Debug-A-32|x64
		{5AFC8E54-EFA6-45A6-9E8F-7BB89C84AE5B}.Debug-A-32|x64.Build.0 = Debug-A-32|x64
		{5AFC8E54-EFA6-45A6-9E8F-7BB89C84AE5B}.Debug-A-32|x86.ActiveCfg = Debug-A-32|Win32
		{5AFC8E54-EFA6-45A6-9E8F-7BB89C84AE5B}.Debug-A-32|x86.Build.0 = Debug-A-32|Win32
		{5AFC8E54-EFA6-45A6-9E8F-7BB89C84AE5B}.Debug-U-32|x64.ActiveCfg = Debug-U-32|x64
		{5AFC8E54-EFA6-45A6-9E8F-7BB89C84AE5B}.Debug-U-32|x64.Build.0 = Debug-U-32|x64
		{5AFC8E54-EFA6-45A6-9E8F-7BB89C84AE5B}.Debug-U-32|x86.ActiveCfg = Debug-U-32|Win32
		{5AFC8E54-EFA6-45A6-9E8F-7BB89C84AE5B}.Debug-U-32|x86.Build.0 = Debug-U-32|Win32
		{5AFC8E54-EFA6-45A6-9E8F-7BB89C84AE5B}.Debug-U-64|x64.ActiveCfg = Debug-U-64|x64
		{5AFC8E54-EFA6-45A6-9E8F-7BB89C84AE5B}.Debug-U-64|x64.Build.0 = Debug-U-64|x64
		{5AFC8E54-EFA6-45A6-9E8F-7BB89C84AE5B}.Debug-U-64|x86.ActiveCfg = Debug-U-64|Win32
		{5AFC8E54-EFA6-45A6-9E8F-7BB89C84AE5B}.Debug-U-64|x86.Build.0 = Debug-U-64|Win32
		{5AFC8E54-EFA6-45A6-9E8F-7BB89C84AE5B}.Release-A-32|x64.ActiveCfg = Release-A-32|x64
		{5AFC8E54-EFA6-45A6-9E8F-7BB89C84AE5B}.Release-A-32|x64.Build.0 = Release-A-32|x64
		{5AFC8E54-EFA6-45A6-9E8F-7BB89C84AE5B}.Release-A-32|x86.ActiveCfg = Release-A-32|Win32
		{5AFC8E54-EFA6-45A6-9E8F-7BB89C84AE5B}.Release-A-32|x86.Build.0 = Release-A-32|Win32
		{5AFC8E54-EFA6-45A6-9E8F-7BB89C84AE5B}.Release-DbgMemLeaks-U-32|x64.ActiveCfg = Release-DbgMemLeaks-U-32|x64
		{5AFC8E54-EFA6-45A6-9E8F-7BB89C84AE5B}.Release-DbgMemLeaks-U-32|x64.Build.0 = Release-DbgMemLeaks-U-32|x64
		{5AFC8E54-EFA6-45A6-9E8F-7BB89C84AE5B}.Release-DbgMemLeaks-U-32|x86.ActiveCfg = Release-DbgMemLeaks-U-32|Win32
		{5AFC8E54-EFA6-45A6-9E8F-7BB89C84AE5B}.Release-DbgMemLeaks-U-32|x86.Build.0 = Release-DbgMemLeaks-U-32|Win32
		{5AFC8E54-EFA6-45A6-9E8F-7BB89C84AE5B}.Release-Logging-U-32|x64.ActiveCfg = Release-Logging-U-32|x64
		{5AFC8E54-EFA6-45A6-9E8F-7BB89C84AE5B}.Release-Logging-U-32|x64.Build.0 = Release-Logging-U-32|x64
		{5AFC8E54-EFA6-45A6-9E8F-7BB89C84AE5B}.Release-Logging-U-32|x86.ActiveCfg = Release-Logging-U-32|Win32
		{5AFC8E54-EFA6-45A6-9E8F-7BB89C84AE5B}.Release-Logging-U-32|x86.Build.0 = Release-Logging-U-32|Win32
		{5AFC8E54-EFA6-45A6-9E8F-7BB89C84AE5B}.Release-Logging-U-64|x64.ActiveCfg = Release-Logging-U-64|x64
		{5AFC8E54-EFA6-45A6-9E8F-7BB89C84AE5B}.Release-Logging-U-64|x64.Build.0 = Release-Logging-U-64|x64
		{5AFC8E54-EFA6-45A6-9E8F-7BB89C84AE5B}.Release-Logging-U-64|x86.ActiveCfg = Release-Logging-U-64|Win32
		{5AFC8E54-EFA6-45A6-9E8F-7BB89C84AE5B}.Release-Logging-U-64|x86.Build.0 = Release-Logging-U-64|Win32
		{5AFC8E54-EFA6-45A6-9E8F-7BB89C84AE5B}.Release-U-32|x64.ActiveCfg = Release-U-32|x64
		{5AFC8E54-EFA6-45A6-9E8F-7BB89C84AE5B}.Release-U-32|x64.Build.0 = Release-U-32|x64
		{5AFC8E54-EFA6-45A6-9E8F-7BB89C84AE5B}.Release-U-32|x86.ActiveCfg = Release-U-32|Win32
		{5AFC8E54-EFA6-45A6-9E8F-7BB89C84AE5B}.Release-U-32|x86.Build.0 = Release-U-32|Win32
		{5AFC8E54-EFA6-45A6-9E8F-7BB89C84AE5B}.Release-U-64|x64.ActiveCfg = Release-U-64|x64
		{5AFC8E54-EFA6-45A6-9E8F-7BB89C84AE5B}.Release-U-64|x64.Build.0 = Release-U-64|x64
		{5AFC8E54-EFA6-45A6-9E8F-7BB89C84AE5B}.Release-U-64|x86.ActiveCfg = Release-U-64|Win32
		{5AFC8E54-EFA6-45A6-9E8F-7BB89C84AE5B}.Release-U-64|x86.Build.0 = Release-U-64|Win32
		{3ADD4C32-1D77-47A2-9F23-83908A2446F6}.Debug-A-32|x64.ActiveCfg = Debug-A-32|x64
		{3ADD4C32-1D77-47A2-9F23-83908A2446F6}.Debug-A-32|x64.Build.0 = Debug-A-32|x64
		{3ADD4C32-1D77-47A2-9F23-83908A2446F6}.Debug-A-32|x86.ActiveCfg = Debug-A-32|Win32
		{3ADD4C32-1D77-47A2-9F23-83908A2446F6}.Debug-A-32|x86.Build.0 = Debug-A-32|Win32
		{3ADD4C32-1D77-47A2-9F23-83908A2446F6}.Debug-U-32|x64.ActiveCfg = Debug-U-32|x64
		{3ADD4C32-1D77-47A2-9F23-83908A2446F6}.Debug-U-32|x64.Build.0 = Debug-U-32|x64
		{3ADD4C32-1D77-47A2-9F23-83908A2446F6}.Debug-U-32|x86.ActiveCfg = Debug-U-32|Win32
		{3ADD4C32-1D77-47A2-9F23-83908A2446F6}.Debug-U-32|x86.Build.0 = Debug-U-32|Win32
		{3ADD4C32-1D77-47A2-9F23-83908A2446F6}.Debug-U-64|x64.ActiveCfg = Debug-U-64|x64
		{3ADD4C32-1D77-47A2-9F23-83908A2446F6}.Debug-U-64|x64.Build.0 = Debug-U-64|x64
		{3ADD4C32-1D77-47A2-9F23-83908A2446F6}.Debug-U-64|x86.ActiveCfg = Debug-U-64|Win32
		{3ADD4C32-1D77-47A2-9F23-83908A2446F6}.Debug-U-64|x86.Build.0 = Debug-U-64|Win32
		{3ADD4C32-1D77-47A2-9F23-83908A2446F6}.Release-A-32|x64.ActiveCfg = Release-A-32|x64
		{3ADD4C32-1D77-47A2-9F23-83908A2446F6}.Release-A-32|x64.Build.0 = Release-A-32|x64
		{3ADD4C32-1D77-47A2-9F23-83908A2446F6}.Release-A-32|x86.ActiveCfg = Release-A-32|Win32
		{3ADD4C32-1D77-47A2-9F23-83908A2446F6}.Release-A-32|x86.Build.0 = Release-A-32|Win32
		{3ADD4C32-1D77-47A2-9F23-83908A2446F6}.Release-DbgMemLeaks-U-32|x64.ActiveCfg = Release-DbgMemLeaks-U-32|x64
		{3ADD4C32-1D77-47A2-9F23-83908A2446F6}.Release-DbgMemLeaks-U-32|x64.Build.0 = Release-DbgMemLeaks-U-32|x64
		{3ADD4C32-1D77-47A2-9F23-83908A2446F6}.Release-DbgMemLeaks-U-32|x86.ActiveCfg = Release-DbgMemLeaks-U-32|Win32
		{3ADD4C32-1D77-47A2-9F23-83908A2446F6}.Release-DbgMemLeaks-U-32|x86.Build.0 = Release-DbgMemLeaks-U-32|Win32
		{3ADD4C32-1D77-47A2-9F23-83908A2446F6}.Release-Logging-U-32|x64.ActiveCfg = Release-Logging-U-32|x64
		{3ADD4C32-1D77-47A2-9F23-83908A2446F6}.Release-Logging-U-32|x64.Build.0 = Release-Logging-U-32|x64
		{3ADD4C32-1D77-47A2-9F23-83908A2446F6}.Release-Logging-U-32|x86.ActiveCfg = Release-Logging-U-32|Win32
		{3ADD4C32-1D77-47A2-9F23-83908A2446F6}.Release-Logging-U-32|x86.Build.0 = Release-Logging-U-32|Win32
		{3ADD4C32-1D77-47A2-9F23-83908A2446F6}.Release-Logging-U-64|x64.ActiveCfg = Release-Logging-U-64|x64
		{3ADD4C32-1D77-47A2-9F23-83908A2446F6}.Release-Logging-U-64|x64.Build.0 = Release-Logging-U-64|x64
		{3ADD4C32-1D77-47A2-9F23-83908A2446F6}.Release-Logging-U-64|x86.ActiveCfg = Release-Logging-U-64|Win32
		{3ADD4C32-1D77-47A2-9F23-83908A2446F6}.Release-Logging-U-64|x86.Build.0 = Release-Logging-U-64|Win32
		{3ADD4C32-1D77-47A2-9F23-83908A2446F6}.Release-U-32|x64.ActiveCfg = Release-U-32|x64
		{3ADD4C32-1D77-47A2-9F23-83908A2446F6}.Release-U-32|x64.Build.0 = Release-U-32|x64
		{3ADD4C32-1D77-47A2-9F23-83908A2446F6}.Release-U-32|x86.ActiveCfg = Release-U-32|Win32
		{3ADD4C32-1D77-47A2-9F23-83908A2446F6}.Release-U-32|x86.Build.0 = Release-U-32|Win32
		{3ADD4C32-1D77-47A2-9F23-83908A2446F6}.Release-U-64|x64.ActiveCfg = Release-U-64|x64
		{3ADD4C32-1D77-47A2-9F23-83908A2446F6}.Release-U-64|x64.Build.0 = Release-U-64|x64
		{3ADD4C32-1D77-47A2-9F23-83908A2446F6}.Release-U-64|x86.ActiveCfg = Release-U-64|Win32
		{3ADD4C32-1D77-47A2-9F23-83908A2446F6}.Release-U-64|x86.Build.0 = Release-U-64|Win32
		{9454F6D7-68B9-4C91-92D1-99958EC9EA42}.Debug-A-32|x64.ActiveCfg = Debug-A-32|x64
		{9454F6D7-68B9-4C91-92D1-99958EC9EA42}.Debug-A-32|x64.Build.0 = Debug-A-32|x64
		{9454F6D7-68B9-4C91-92D1-99958EC9EA42}.Debug-A-32|x86.ActiveCfg = Debug-A-32|Win32
		{9454F6D7-68B9-4C91-92D1-99958EC9EA42}.Debug-A-32|x86.Build.0 = Debug-A-32|Win32
		{9454F6D7-68B9-4C91-92D1-99958EC9EA42}.Debug-U-32|x64.ActiveCfg = Debug-U-32|x64
		{9454F6D7-68B9-4C91-92D1-99958EC9EA42}.Debug-U-32|x64.Build.0 = Debug-U-32|x64
		{9454F6D7-68B9-4C91-92D1-99958EC9EA42}.Debug-U-32|x86.ActiveCfg = Debug-U-32|Win32
		{9454F6D7-68B9-4C91-92D1-99958EC9EA42}.Debug-U-32|x86.Build.0 = Debug-U-32|Win32
		{9454F6D7-68B9-4C91-92D1-99958EC9EA42}.Debug-U-64|x64.ActiveCfg = Debug-U-64|x64
		{9454F6D7-68B9-4C91-92D1-99958EC9EA42}.Debug-U-64|x64.Build.0 = Debug-U-64|x64
		{9454F6D7-68B9-4C91-92D1-99958EC9EA42}.Debug-U-64|x86.ActiveCfg = Debug-U-64|Win32
		{9454F6D7-68B9-4C91-92D1-99958EC9EA42}.Debug-U-64|x86.Build.0 = Debug-U-64|Win32
		{9454F6D7-68B9-4C91-92D1-99958EC9EA42}.Release-A-32|x64.ActiveCfg = Release-A-32|x64
		{9454F6D7-68B9-4C91-92D1-99958EC9EA42}.Release-A-32|x64.Build.0 = Release-A-32|x64
		{9454F6D7-68B9-4C91-92D1-99958EC9EA42}.Release-A-32|x86.ActiveCfg = Release-A-32|Win32
		{9454F6D7-68B9-4C91-92D1-99958EC9EA42}.Release-A-32|x86.Build.0 = Release-A-32|Win32
		{9454F6D7-68B9-4C91-92D1-99958EC9EA42}.Release-DbgMemLeaks-U-32|x64.ActiveCfg = Release-DbgMemLeaks-U-32|x64
		{9454F6D7-68B9-4C91-92D1-99958EC9EA42}.Release-DbgMemLeaks-U-32|x64.Build.0 = Release-DbgMemLeaks-U-32|x64
		{9454F6D7-68B9-4C91-92D1-99958EC9EA42}.Release-DbgMemLeaks-U-32|x86.ActiveCfg = Release-DbgMemLeaks-U-32|Win32
		{9454F6D7-68B9-4C91-92D1-99958EC9EA42}.Release-DbgMemLeaks-U-32|x86.Build.0 = Release-DbgMemLeaks-U-32|Win32
		{9454F6D7-68B9-4C91-92D1-99958EC9EA42}.Release-Logging-U-32|x64.ActiveCfg = Release-Logging-U-32|x64
		{9454F6D7-68B9-4C91-92D1-99958EC9EA42}.Release-Logging-U-32|x64.Build.0 = Release-Logging-U-32|x64
		{9454F6D7-68B9-4C91-92D1-99958EC9EA42}.Release-Logging-U-32|x86.ActiveCfg = Release-Logging-U-32|Win32
		{9454F6D7-68B9-4C91-92D1-99958EC9EA42}.Release-Logging-U-32|x86.Build.0 = Release-Logging-U-32|Win32
		{9454F6D7-68B9-4C91-92D1-99958EC9EA42}.Release-Logging-U-64|x64.ActiveCfg = Release-Logging-U-64|x64
		{9454F6D7-68B9-4C91-92D1-99958EC9EA42}.Release-Logging-U-64|x64.Build.0 = Release-Logging-U-64|x64
		{9454F6D7-68B9-4C91-92D1-99958EC9EA42}.Release-Logging-U-64|x86.ActiveCfg = Release-Logging-U-64|Win32
		{9454F6D7-68B9-4C91-92D1-99958EC9EA42}.Release-Logging-U-64|x86.Build.0 = Release-Logging-U-64|Win32
		{9454F6D7-68B9-4C91-92D1-99958EC9EA42}.Release-U-32|x64.ActiveCfg = Release-U-32|x64
		{9454F6D7-68B9-4C91-92D1-99958EC9EA42}.Release-U-32|x64.Build.0 = Release-U-32|x64
		{9454F6D7-68B9-4C91-92D1-99958EC9EA42}.Release-U-32|x86.ActiveCfg = Release-U-32|Win32
		{9454F6D7-68B9-4C91-92D1-99958EC9EA42}.Release-U-32|x86.Build.0 = Release-U-32|Win32
		{9454F6D7-68B9-4C91-92D1-99958EC9EA42}.Release-U-64|x64.ActiveCfg = Release-U-64|x64
		{9454F6D7-68B9-4C91-92D1-99958EC9EA42}.Release-U-64|x64.Build.0 = Release-U-64|x64
		{9454F6D7-68B9-4C91-92D1-99958EC9EA42}.Release-U-64|x86.ActiveCfg = Release-U-64|Win32
		{9454F6D7-68B9-4C91-92D1-99958EC9EA42}.Release-U-64|x86.Build.0 = Release-U-64|Win32
		{808123CA-811B-455B-A0B8-B93D289CB7B1}.Debug-A-32|x64.ActiveCfg = Debug-A-32|x64
		{808123CA-811B-455B-A0B8-B93D289CB7B1}.Debug-A-32|x64.Build.0 = Debug-A-32|x64
		{808123CA-811B-455B-A0B8-B93D289CB7B1}.Debug-A-32|x86.ActiveCfg = Debug-A-32|Win32
		{808123CA-811B-455B-A0B8-B93D289CB7B1}.Debug-A-32|x86.Build.0 = Debug-A-32|Win32
		{808123CA-811B-455B-A0B8-B93D289CB7B1}.Debug-U-32|x64.ActiveCfg = Debug-U-32|x64
		{808123CA-811B-455B-A0B8-B93D289CB7B1}.Debug-U-32|x64.Build.0 = Debug-U-32|x64
		{808123CA-811B-455B-A0B8-B93D289CB7B1}.Debug-U-32|x86.ActiveCfg = Debug-U-32|Win32
		{808123CA-811B-455B-A0B8-B93D289CB7B1}.Debug-U-32|x86.Build.0 = Debug-U-32|Win32
		{808123CA-811B-455B-A0B8-B93D289CB7B1}.Debug-U-64|x64.ActiveCfg = Debug-U-64|x64
		{808123CA-811B-455B-A0B8-B93D289CB7B1}.Debug-U-64|x64.Build.0 = Debug-U-64|x64
		{808123CA-811B-455B-A0B8-B93D289CB7B1}.Debug-U-64|x86.ActiveCfg = Debug-U-64|Win32
		{808123CA-811B-455B-A0B8-B93D289CB7B1}.Debug-U-64|x86.Build.0 = Debug-U-64|Win32
		{808123CA-811B-455B-A0B8-B93D289CB7B1}.Release-A-32|x64.ActiveCfg = Release-A-32|x64
		{808123CA-811B-455B-A0B8-B93D289CB7B1}.Release-A-32|x64.Build.0 = Release-A-32|x64
		{808123CA-811B-455B-A0B8-B93D289CB7B1}.Release-A-32|x86.ActiveCfg = Release-A-32|Win32
		{808123CA-811B-455B-A0B8-B93D289CB7B1}.Release-A-32|x86.Build.0 = Release-A-32|Win32
		{808123CA-811B-455B-A0B8-B93D289CB7B1}.Release-DbgMemLeaks-U-32|x64.ActiveCfg = Release-DbgMemLeaks-U-32|x64
		{808123CA-811B-455B-A0B8-B93D289CB7B1}.Release-DbgMemLeaks-U-32|x64.Build.0 = Release-DbgMemLeaks-U-32|x64
		{808123CA-811B-455B-A0B8-B93D289CB7B1}.Release-DbgMemLeaks-U-32|x86.ActiveCfg = Release-DbgMemLeaks-U-32|Win32
		{808123CA-811B-455B-A0B8-B93D289CB7B1}.Release-DbgMemLeaks-U-32|x86.Build.0 = Release-DbgMemLeaks-U-32|Win32
		{808123CA-811B-455B-A0B8-B93D289CB7B1}.Release-Logging-U-32|x64.ActiveCfg = Release-Logging-U-32|x64
		{808123CA-811B-455B-A0B8-B93D289CB7B1}.Release-Logging-U-32|x64.Build.0 = Release-Logging-U-32|x64
		{808123CA-811B-455B-A0B8-B93D289CB7B1}.Release-Logging-U-32|x86.ActiveCfg = Release-Logging-U-32|Win32
		{808123CA-811B-455B-A0B8-B93D289CB7B1}.Release-Logging-U-32|x86.Build.0 = Release-Logging-U-32|Win32
		{808123CA-811B-455B-A0B8-B93D289CB7B1}.Release-Logging-U-64|x64.ActiveCfg = Release-Logging-U-64|x64
		{808123CA-811B-455B-A0B8-B93D289CB7B1}.Release-Logging-U-64|x64.Build.0 = Release-Logging-U-64|x64
		{808123CA-811B-455B-A0B8-B93D289CB7B1}.Release-Logging-U-64|x86.ActiveCfg = Release-Logging-U-64|Win32
		{808123CA-811B-455B-A0B8-B93D289CB7B1}.Release-Logging-U-64|x86.Build.0 = Release-Logging-U-64|Win32
		{808123CA-811B-455B-A0B8-B93D289CB7B1}.Release-U-32|x64.ActiveCfg = Release-U-32|x64
		{808123CA-811B-455B-A0B8-B93D289CB7B1}.Release-U-32|x64.Build.0 = Release-U-32|x64
		{808123CA-811B-455B-A0B8-B93D289CB7B1}.Release-U-32|x86.ActiveCfg = Release-U-32|Win32
		{808123CA-811B-455B-A0B8-B93D289CB7B1}.Release-U-32|x86.Build.0 = Release-U-32|Win32
		{808123CA-811B-455B-A0B8-B93D289CB7B1}.Release-U-64|x64.ActiveCfg = Release-U-64|x64
		{808123CA-811B-455B-A0B8-B93D289CB7B1}.Release-U-64|x64.Build.0 = Release-U-64|x64
		{808123CA-811B-455B-A0B8-B93D289CB7B1}.Release-U-64|x86.ActiveCfg = Release-U-64|Win32
		{808123CA-811B-455B-A0B8-B93D289CB7B1}.Release-U-64|x86.Build.0 = Release-U-64|Win32
	EndGlobalSection
	GlobalSection(SolutionProperties) = preSolution
		HideSolutionNode = FALSE
	EndGlobalSection
	GlobalSection(NestedProjects) = preSolution
		{679BC6AD-01AF-4A16-9EF4-16BE283E2F97} = {8184CE9F-C478-4792-9649-C652C914C316}
		{53CC012B-669C-4426-8E2A-776A0F3F35D0} = {679BC6AD-01AF-4A16-9EF4-16BE283E2F97}
		{2BAB6D3D-C91B-41E0-B5D1-583600211F3C} = {8184CE9F-C478-4792-9649-C652C914C316}
	EndGlobalSection
	GlobalSection(ExtensibilityGlobals) = postSolution
		SolutionGuid = {09E9F4A9-EC1B-4FA6-BC9C-7ECC8DEE6D7F}
	EndGlobalSection
EndGlobal
