<?xml version="1.0" encoding="utf-8"?>
<Project ToolsVersion="4.0" xmlns="http://schemas.microsoft.com/developer/msbuild/2003">
  <ItemGroup>
    <Filter Include="Sources">
      <UniqueIdentifier>{035e5bcd-f10a-46b3-85e7-e3c4a2b1c6c2}</UniqueIdentifier>
    </Filter>
    <Filter Include="Sources\Common">
      <UniqueIdentifier>{9a85ce47-f229-454c-8584-9140692b189c}</UniqueIdentifier>
    </Filter>
    <Filter Include="Sources\Discovery">
      <UniqueIdentifier>{380b5faa-2740-48cf-8ddc-ac340180705c}</UniqueIdentifier>
    </Filter>
    <Filter Include="Sources\WebServices">
      <UniqueIdentifier>{a72046d2-aa21-409e-ab63-a3784e9b9456}</UniqueIdentifier>
    </Filter>
    <Filter Include="Sources\IntegratedModel">
      <UniqueIdentifier>{3595306b-f243-401f-9f90-4ff97e0cf58d}</UniqueIdentifier>
    </Filter>
  </ItemGroup>
  <ItemGroup>
    <None Include="..\..\Makefile" />
    <None Include="..\..\Sources\Makefile">
      <Filter>Sources</Filter>
    </None>
    <None Include="..\..\Sources\Service.inl">
      <Filter>Sources</Filter>
    </None>
    <None Include="..\..\Sources\Common\GeoLocAndISPLookup.inl">
      <Filter>Sources\Common</Filter>
    </None>
    <None Include="..\..\Sources\Common\GeoLocation.inl">
      <Filter>Sources\Common</Filter>
    </None>
    <None Include="..\..\Sources\Common\InternetServiceProvider.inl">
      <Filter>Sources\Common</Filter>
    </None>
    <None Include="..\..\Sources\Common\Makefile">
      <Filter>Sources\Common</Filter>
    </None>
    <None Include="..\..\Sources\Discovery\Devices.inl">
      <Filter>Sources\Discovery</Filter>
    </None>
    <None Include="..\..\Sources\Discovery\Makefile">
      <Filter>Sources\Discovery</Filter>
    </None>
    <None Include="..\..\Sources\Discovery\NetworkInterfaces.inl">
      <Filter>Sources\Discovery</Filter>
    </None>
    <None Include="..\..\Sources\Discovery\Networks.inl">
      <Filter>Sources\Discovery</Filter>
    </None>
    <None Include="..\..\Sources\WebServices\IWSAPI.inl">
      <Filter>Sources\WebServices</Filter>
    </None>
    <None Include="..\..\Sources\WebServices\Makefile">
      <Filter>Sources\WebServices</Filter>
    </None>
    <None Include="..\..\Sources\WebServices\Model.inl">
      <Filter>Sources\WebServices</Filter>
    </None>
    <None Include="..\..\Sources\WebServices\WebServer.inl">
      <Filter>Sources\WebServices</Filter>
    </None>
    <None Include="..\..\Sources\WebServices\WSImpl.inl">
      <Filter>Sources\WebServices</Filter>
    </None>
    <None Include="..\..\Sources\Common\EthernetMACAddressOUIPrefixes.inl">
      <Filter>Sources\Common</Filter>
    </None>
    <None Include="..\..\Sources\Common\BLOBMgr.inl">
      <Filter>Sources\Common</Filter>
    </None>
    <None Include="..\..\Sources\Discovery\PortScanner.inl">
      <Filter>Sources\Discovery</Filter>
    </None>
    <None Include="..\..\Sources\IntegratedModel\Mgr.inl">
      <Filter>Sources\IntegratedModel</Filter>
    </None>
    <None Include="..\..\Sources\IntegratedModel\Makefile">
      <Filter>Sources\IntegratedModel</Filter>
    </None>
    <None Include="..\..\Sources\Common\DB.inl">
      <Filter>Sources\Common</Filter>
    </None>
    <None Include="..\..\Sources\Common\AppConfiguration.inl">
      <Filter>Sources\Common</Filter>
    </None>
    <None Include="..\..\Sources\Common\OperationalStatistics.inl">
      <Filter>Sources\Common</Filter>
    </None>
  </ItemGroup>
  <ItemGroup>
    <ClCompile Include="..\..\Sources\Main.cpp">
      <Filter>Sources</Filter>
    </ClCompile>
    <ClCompile Include="..\..\Sources\Service.cpp">
      <Filter>Sources</Filter>
    </ClCompile>
    <ClCompile Include="..\..\Sources\Common\GeoLocAndISPLookup.cpp">
      <Filter>Sources\Common</Filter>
    </ClCompile>
    <ClCompile Include="..\..\Sources\Common\GeoLocation.cpp">
      <Filter>Sources\Common</Filter>
    </ClCompile>
    <ClCompile Include="..\..\Sources\Common\InternetServiceProvider.cpp">
      <Filter>Sources\Common</Filter>
    </ClCompile>
    <ClCompile Include="..\..\Sources\Discovery\Devices.cpp">
      <Filter>Sources\Discovery</Filter>
    </ClCompile>
    <ClCompile Include="..\..\Sources\Discovery\NetworkInterfaces.cpp">
      <Filter>Sources\Discovery</Filter>
    </ClCompile>
    <ClCompile Include="..\..\Sources\Discovery\Networks.cpp">
      <Filter>Sources\Discovery</Filter>
    </ClCompile>
    <ClCompile Include="..\..\Sources\WebServices\IWSAPI.cpp">
      <Filter>Sources\WebServices</Filter>
    </ClCompile>
    <ClCompile Include="..\..\Sources\WebServices\Model.cpp">
      <Filter>Sources\WebServices</Filter>
    </ClCompile>
    <ClCompile Include="..\..\Sources\WebServices\WebServer.cpp">
      <Filter>Sources\WebServices</Filter>
    </ClCompile>
    <ClCompile Include="..\..\Sources\WebServices\WSImpl.cpp">
      <Filter>Sources\WebServices</Filter>
    </ClCompile>
    <ClCompile Include="..\..\Sources\Common\EthernetMACAddressOUIPrefixes.cpp">
      <Filter>Sources\Common</Filter>
    </ClCompile>
    <ClCompile Include="..\..\Sources\Common\BLOBMgr.cpp">
      <Filter>Sources\Common</Filter>
    </ClCompile>
    <ClCompile Include="..\..\Sources\Discovery\PortScanner.cpp">
      <Filter>Sources\Discovery</Filter>
    </ClCompile>
    <ClCompile Include="..\..\Sources\IntegratedModel\Mgr.cpp">
      <Filter>Sources\IntegratedModel</Filter>
    </ClCompile>
    <ClCompile Include="..\..\Sources\Common\DB.cpp">
      <Filter>Sources\Common</Filter>
    </ClCompile>
    <ClCompile Include="..\..\Sources\Common\AppConfiguration.cpp">
      <Filter>Sources\Common</Filter>
    </ClCompile>
    <ClCompile Include="..\..\Sources\Common\OperationalStatistics.cpp">
      <Filter>Sources\Common</Filter>
    </ClCompile>
  </ItemGroup>
  <ItemGroup>
    <ClInclude Include="..\..\Sources\Service.h">
      <Filter>Sources</Filter>
    </ClInclude>
    <ClInclude Include="..\..\Sources\Common\GeoLocAndISPLookup.h">
      <Filter>Sources\Common</Filter>
    </ClInclude>
    <ClInclude Include="..\..\Sources\Common\GeoLocation.h">
      <Filter>Sources\Common</Filter>
    </ClInclude>
    <ClInclude Include="..\..\Sources\Common\InternetServiceProvider.h">
      <Filter>Sources\Common</Filter>
    </ClInclude>
    <ClInclude Include="..\..\Sources\Discovery\Devices.h">
      <Filter>Sources\Discovery</Filter>
    </ClInclude>
    <ClInclude Include="..\..\Sources\Discovery\NetworkInterfaces.h">
      <Filter>Sources\Discovery</Filter>
    </ClInclude>
    <ClInclude Include="..\..\Sources\Discovery\Networks.h">
      <Filter>Sources\Discovery</Filter>
    </ClInclude>
    <ClInclude Include="..\..\Sources\WebServices\IWSAPI.h">
      <Filter>Sources\WebServices</Filter>
    </ClInclude>
    <ClInclude Include="..\..\Sources\WebServices\Model.h">
      <Filter>Sources\WebServices</Filter>
    </ClInclude>
    <ClInclude Include="..\..\Sources\WebServices\WebServer.h">
      <Filter>Sources\WebServices</Filter>
    </ClInclude>
    <ClInclude Include="..\..\Sources\WebServices\WSImpl.h">
      <Filter>Sources\WebServices</Filter>
    </ClInclude>
    <ClInclude Include="..\..\Sources\Common\EthernetMACAddressOUIPrefixes.h">
      <Filter>Sources\Common</Filter>
    </ClInclude>
    <ClInclude Include="..\..\Sources\Common\BLOBMgr.h">
      <Filter>Sources\Common</Filter>
    </ClInclude>
    <ClInclude Include="..\..\Sources\Discovery\PortScanner.h">
      <Filter>Sources\Discovery</Filter>
    </ClInclude>
    <ClInclude Include="..\..\Sources\IntegratedModel\Mgr.h">
      <Filter>Sources\IntegratedModel</Filter>
    </ClInclude>
    <ClInclude Include="..\..\Sources\Common\DB.h">
      <Filter>Sources\Common</Filter>
    </ClInclude>
    <ClInclude Include="..\..\Sources\Common\AppConfiguration.h">
      <Filter>Sources\Common</Filter>
    </ClInclude>
    <ClInclude Include="..\..\Sources\Common\OperationalStatistics.h">
      <Filter>Sources\Common</Filter>
    </ClInclude>
  </ItemGroup>
</Project>