<?xml version="1.0" encoding="utf-8"?>
<Project ToolsVersion="4.0" xmlns="http://schemas.microsoft.com/developer/msbuild/2003">
  <ItemGroup>
    <None Include="..\..\ReadMe.md" />
    <None Include="..\..\Todo.md" />
    <None Include="..\..\Makefile" />
    <None Include="..\..\Sources\WebServices\Model.inl">
      <Filter>Sources\WebServices</Filter>
    </None>
    <None Include="..\..\Sources\WebServices\IWSAPI.inl">
      <Filter>Sources\WebServices</Filter>
    </None>
    <None Include="..\..\Sources\WebServices\WSImpl.inl">
      <Filter>Sources\WebServices</Filter>
    </None>
    <None Include="..\..\Sources\Discovery\Devices.inl">
      <Filter>Sources\Discovery</Filter>
    </None>
    <None Include="..\..\Sources\Discovery\Networks.inl">
      <Filter>Sources\Discovery</Filter>
    </None>
    <None Include="..\..\Sources\Makefile">
      <Filter>Sources</Filter>
    </None>
    <None Include="..\..\Sources\Discovery\Makefile">
      <Filter>Sources\Discovery</Filter>
    </None>
    <None Include="..\..\Sources\WebServices\Makefile">
      <Filter>Sources\WebServices</Filter>
    </None>
    <None Include="..\..\Sources\WebServices\WebServer.inl">
      <Filter>Sources\WebServices</Filter>
    </None>
    <None Include="..\..\Sources\Service.inl">
      <Filter>Sources</Filter>
    </None>
    <None Include="..\..\Sources\Discovery\NetworkInterfaces.inl">
      <Filter>Sources\Discovery</Filter>
    </None>
  </ItemGroup>
  <ItemGroup>
    <Filter Include="Sources">
      <UniqueIdentifier>{82865ee2-c356-4e62-8a78-2aa243bcaccb}</UniqueIdentifier>
    </Filter>
    <Filter Include="Projects">
      <UniqueIdentifier>{3babcae7-6fa9-41d6-bb3d-907ea899ad02}</UniqueIdentifier>
    </Filter>
    <Filter Include="Sources\WebServices">
      <UniqueIdentifier>{5e0bcf4e-d082-410f-afea-ed836dee9a83}</UniqueIdentifier>
    </Filter>
    <Filter Include="Sources\Discovery">
      <UniqueIdentifier>{f2648920-ef38-4096-a95e-4550c5118635}</UniqueIdentifier>
    </Filter>
  </ItemGroup>
  <ItemGroup>
    <ClCompile Include="..\..\Sources\Main.cpp">
      <Filter>Sources</Filter>
    </ClCompile>
    <ClCompile Include="..\..\Sources\WebServices\Model.cpp">
      <Filter>Sources\WebServices</Filter>
    </ClCompile>
    <ClCompile Include="..\..\Sources\WebServices\IWSAPI.cpp">
      <Filter>Sources\WebServices</Filter>
    </ClCompile>
    <ClCompile Include="..\..\Sources\WebServices\WSImpl.cpp">
      <Filter>Sources\WebServices</Filter>
    </ClCompile>
    <ClCompile Include="..\..\Sources\Discovery\Devices.cpp">
      <Filter>Sources\Discovery</Filter>
    </ClCompile>
    <ClCompile Include="..\..\Sources\Discovery\Networks.cpp">
      <Filter>Sources\Discovery</Filter>
    </ClCompile>
    <ClCompile Include="..\..\Sources\WebServices\WebServer.cpp">
      <Filter>Sources\WebServices</Filter>
    </ClCompile>
    <ClCompile Include="..\..\Sources\Service.cpp">
      <Filter>Sources</Filter>
    </ClCompile>
    <ClCompile Include="..\..\Sources\Discovery\NetworkInterfaces.cpp">
      <Filter>Sources\Discovery</Filter>
    </ClCompile>
  </ItemGroup>
  <ItemGroup>
    <ClInclude Include="..\..\Sources\WebServices\Model.h">
      <Filter>Sources\WebServices</Filter>
    </ClInclude>
    <ClInclude Include="..\..\Sources\WebServices\IWSAPI.h">
      <Filter>Sources\WebServices</Filter>
    </ClInclude>
    <ClInclude Include="..\..\Sources\WebServices\WSImpl.h">
      <Filter>Sources\WebServices</Filter>
    </ClInclude>
    <ClInclude Include="..\..\Sources\Discovery\Devices.h">
      <Filter>Sources\Discovery</Filter>
    </ClInclude>
    <ClInclude Include="..\..\Sources\Discovery\Networks.h">
      <Filter>Sources\Discovery</Filter>
    </ClInclude>
    <ClInclude Include="..\..\Sources\WebServices\WebServer.h">
      <Filter>Sources\WebServices</Filter>
    </ClInclude>
    <ClInclude Include="..\..\Sources\Service.h">
      <Filter>Sources</Filter>
    </ClInclude>
    <ClInclude Include="..\..\Sources\Discovery\NetworkInterfaces.h">
      <Filter>Sources\Discovery</Filter>
    </ClInclude>
  </ItemGroup>
</Project>