<?xml version="1.0" encoding="utf-8"?>
<Project ToolsVersion="4.0" xmlns="http://schemas.microsoft.com/developer/msbuild/2003">
  <ItemGroup>
    <None Include="..\..\ReadMe.md" />
    <None Include="..\..\Todo.md" />
    <None Include="..\..\buildall_vs.pl" />
    <None Include="..\..\checkall_vs.pl" />
    <None Include="..\..\Makefile" />
    <None Include="..\Unix\Makefile">
      <Filter>Projects\Unix</Filter>
    </None>
  </ItemGroup>
  <ItemGroup>
    <Filter Include="Sources">
      <UniqueIdentifier>{82865ee2-c356-4e62-8a78-2aa243bcaccb}</UniqueIdentifier>
    </Filter>
    <Filter Include="Projects">
      <UniqueIdentifier>{3babcae7-6fa9-41d6-bb3d-907ea899ad02}</UniqueIdentifier>
    </Filter>
    <Filter Include="Projects\Unix">
      <UniqueIdentifier>{9e0d2153-02d5-49c2-9a0c-0c7a955dad41}</UniqueIdentifier>
    </Filter>
  </ItemGroup>
  <ItemGroup>
    <ClCompile Include="..\..\Sources\Main.cpp">
      <Filter>Sources</Filter>
    </ClCompile>
  </ItemGroup>
</Project>