
Microsoft Visual Studio Solution File, Format Version 12.00
# Visual Studio 15
VisualStudioVersion = 15.0.26206.0
MinimumVisualStudioVersion = 10.0.40219.1
Project("{8BC9CEB8-8B4A-11D0-8D11-00A0C91BC942}") = "WhyTheFuckIsMyNetworkSoSlow", "..\..\BackendApp\Projects\VisualStudio.Net-2017\WhyTheFuckIsMyNetworkSoSlow-BackendApp.vcxproj", "{2E2192CA-3B55-45AD-A66A-3E43FAB9B42C}"
	ProjectSection(ProjectDependencies) = postProject
		{76C03E61-1308-4973-ABDA-2E83210A5B52} = {76C03E61-1308-4973-ABDA-2E83210A5B52}
		{A6C00B9D-8B7F-4C43-A043-1127387E712D} = {A6C00B9D-8B7F-4C43-A043-1127387E712D}
	EndProjectSection
EndProject
Project("{8BC9CEB8-8B4A-11D0-8D11-00A0C91BC942}") = "Stroika-Frameworks-SystemPerformance", "..\..\ThirdPartyComponents\Stroika\Stroika\Library\Projects\VisualStudio.Net-2017\Stroika-Frameworks-SystemPerformance.vcxproj", "{A6C00B9D-8B7F-4C43-A043-1127387E712D}"
EndProject
Project("{8BC9CEB8-8B4A-11D0-8D11-00A0C91BC942}") = "Stroika-Frameworks-WebServer", "..\..\ThirdPartyComponents\Stroika\Stroika\Library\Projects\VisualStudio.Net-2017\Stroika-Frameworks-WebServer.vcxproj", "{BB1903E4-C75B-430B-9E6F-8CAEA64BF194}"
EndProject
Project("{8BC9CEB8-8B4A-11D0-8D11-00A0C91BC942}") = "Stroika-Frameworks-Service", "..\..\ThirdPartyComponents\Stroika\Stroika\Library\Projects\VisualStudio.Net-2017\Stroika-Frameworks-Service.vcxproj", "{76C03E61-1308-4973-ABDA-2E83210A5B52}"
EndProject
Project("{8BC9CEB8-8B4A-11D0-8D11-00A0C91BC942}") = "Stroika-Foundation", "..\..\ThirdPartyComponents\Stroika\Stroika\Library\Projects\VisualStudio.Net-2017\Stroika-Foundation.vcxproj", "{5AFC8E54-EFA6-45A6-9E8F-7BB89C84AE5B}"
EndProject
Global
	GlobalSection(SolutionConfigurationPlatforms) = preSolution
		Debug-A-32|x64 = Debug-A-32|x64
		Debug-A-32|x86 = Debug-A-32|x86
		Debug-U-32|x64 = Debug-U-32|x64
		Debug-U-32|x86 = Debug-U-32|x86
		Debug-U-64|x64 = Debug-U-64|x64
		Debug-U-64|x86 = Debug-U-64|x86
		Release-A-32|x64 = Release-A-32|x64
		Release-A-32|x86 = Release-A-32|x86
		Release-DbgMemLeaks-U-32|x64 = Release-DbgMemLeaks-U-32|x64
		Release-DbgMemLeaks-U-32|x86 = Release-DbgMemLeaks-U-32|x86
		Release-Logging-U-32|x64 = Release-Logging-U-32|x64
		Release-Logging-U-32|x86 = Release-Logging-U-32|x86
		Release-Logging-U-64|x64 = Release-Logging-U-64|x64
		Release-Logging-U-64|x86 = Release-Logging-U-64|x86
		Release-U-32|x64 = Release-U-32|x64
		Release-U-32|x86 = Release-U-32|x86
		Release-U-64|x64 = Release-U-64|x64
		Release-U-64|x86 = Release-U-64|x86
	EndGlobalSection
	GlobalSection(ProjectConfigurationPlatforms) = postSolution
		{2E2192CA-3B55-45AD-A66A-3E43FAB9B42C}.Debug-A-32|x64.ActiveCfg = Debug-A-32|x64
		{2E2192CA-3B55-45AD-A66A-3E43FAB9B42C}.Debug-A-32|x64.Build.0 = Debug-A-32|x64
		{2E2192CA-3B55-45AD-A66A-3E43FAB9B42C}.Debug-A-32|x86.ActiveCfg = Debug-A-32|Win32
		{2E2192CA-3B55-45AD-A66A-3E43FAB9B42C}.Debug-A-32|x86.Build.0 = Debug-A-32|Win32
		{2E2192CA-3B55-45AD-A66A-3E43FAB9B42C}.Debug-U-32|x64.ActiveCfg = Debug-U-32|x64
		{2E2192CA-3B55-45AD-A66A-3E43FAB9B42C}.Debug-U-32|x64.Build.0 = Debug-U-32|x64
		{2E2192CA-3B55-45AD-A66A-3E43FAB9B42C}.Debug-U-32|x86.ActiveCfg = Debug-U-32|Win32
		{2E2192CA-3B55-45AD-A66A-3E43FAB9B42C}.Debug-U-32|x86.Build.0 = Debug-U-32|Win32
		{2E2192CA-3B55-45AD-A66A-3E43FAB9B42C}.Debug-U-64|x64.ActiveCfg = Debug-U-64|x64
		{2E2192CA-3B55-45AD-A66A-3E43FAB9B42C}.Debug-U-64|x64.Build.0 = Debug-U-64|x64
		{2E2192CA-3B55-45AD-A66A-3E43FAB9B42C}.Debug-U-64|x86.ActiveCfg = Debug-U-64|Win32
		{2E2192CA-3B55-45AD-A66A-3E43FAB9B42C}.Debug-U-64|x86.Build.0 = Debug-U-64|Win32
		{2E2192CA-3B55-45AD-A66A-3E43FAB9B42C}.Release-A-32|x64.ActiveCfg = Release-A-32|x64
		{2E2192CA-3B55-45AD-A66A-3E43FAB9B42C}.Release-A-32|x64.Build.0 = Release-A-32|x64
		{2E2192CA-3B55-45AD-A66A-3E43FAB9B42C}.Release-A-32|x86.ActiveCfg = Release-A-32|Win32
		{2E2192CA-3B55-45AD-A66A-3E43FAB9B42C}.Release-A-32|x86.Build.0 = Release-A-32|Win32
		{2E2192CA-3B55-45AD-A66A-3E43FAB9B42C}.Release-DbgMemLeaks-U-32|x64.ActiveCfg = Release-U-32|x64
		{2E2192CA-3B55-45AD-A66A-3E43FAB9B42C}.Release-DbgMemLeaks-U-32|x64.Build.0 = Release-U-32|x64
		{2E2192CA-3B55-45AD-A66A-3E43FAB9B42C}.Release-DbgMemLeaks-U-32|x86.ActiveCfg = Release-A-32|Win32
		{2E2192CA-3B55-45AD-A66A-3E43FAB9B42C}.Release-DbgMemLeaks-U-32|x86.Build.0 = Release-A-32|Win32
		{2E2192CA-3B55-45AD-A66A-3E43FAB9B42C}.Release-Logging-U-32|x64.ActiveCfg = Release-U-32|x64
		{2E2192CA-3B55-45AD-A66A-3E43FAB9B42C}.Release-Logging-U-32|x64.Build.0 = Release-U-32|x64
		{2E2192CA-3B55-45AD-A66A-3E43FAB9B42C}.Release-Logging-U-32|x86.ActiveCfg = Release-A-32|Win32
		{2E2192CA-3B55-45AD-A66A-3E43FAB9B42C}.Release-Logging-U-32|x86.Build.0 = Release-A-32|Win32
		{2E2192CA-3B55-45AD-A66A-3E43FAB9B42C}.Release-Logging-U-64|x64.ActiveCfg = Release-U-32|x64
		{2E2192CA-3B55-45AD-A66A-3E43FAB9B42C}.Release-Logging-U-64|x64.Build.0 = Release-U-32|x64
		{2E2192CA-3B55-45AD-A66A-3E43FAB9B42C}.Release-Logging-U-64|x86.ActiveCfg = Release-A-32|Win32
		{2E2192CA-3B55-45AD-A66A-3E43FAB9B42C}.Release-Logging-U-64|x86.Build.0 = Release-A-32|Win32
		{2E2192CA-3B55-45AD-A66A-3E43FAB9B42C}.Release-U-32|x64.ActiveCfg = Release-U-32|x64
		{2E2192CA-3B55-45AD-A66A-3E43FAB9B42C}.Release-U-32|x64.Build.0 = Release-U-32|x64
		{2E2192CA-3B55-45AD-A66A-3E43FAB9B42C}.Release-U-32|x86.ActiveCfg = Release-U-32|Win32
		{2E2192CA-3B55-45AD-A66A-3E43FAB9B42C}.Release-U-32|x86.Build.0 = Release-U-32|Win32
		{2E2192CA-3B55-45AD-A66A-3E43FAB9B42C}.Release-U-64|x64.ActiveCfg = Release-U-64|x64
		{2E2192CA-3B55-45AD-A66A-3E43FAB9B42C}.Release-U-64|x64.Build.0 = Release-U-64|x64
		{2E2192CA-3B55-45AD-A66A-3E43FAB9B42C}.Release-U-64|x86.ActiveCfg = Release-U-64|Win32
		{2E2192CA-3B55-45AD-A66A-3E43FAB9B42C}.Release-U-64|x86.Build.0 = Release-U-64|Win32
		{A6C00B9D-8B7F-4C43-A043-1127387E712D}.Debug-A-32|x64.ActiveCfg = Debug-A-32|x64
		{A6C00B9D-8B7F-4C43-A043-1127387E712D}.Debug-A-32|x64.Build.0 = Debug-A-32|x64
		{A6C00B9D-8B7F-4C43-A043-1127387E712D}.Debug-A-32|x86.ActiveCfg = Debug-A-32|Win32
		{A6C00B9D-8B7F-4C43-A043-1127387E712D}.Debug-A-32|x86.Build.0 = Debug-A-32|Win32
		{A6C00B9D-8B7F-4C43-A043-1127387E712D}.Debug-U-32|x64.ActiveCfg = Debug-U-32|x64
		{A6C00B9D-8B7F-4C43-A043-1127387E712D}.Debug-U-32|x64.Build.0 = Debug-U-32|x64
		{A6C00B9D-8B7F-4C43-A043-1127387E712D}.Debug-U-32|x86.ActiveCfg = Debug-U-32|Win32
		{A6C00B9D-8B7F-4C43-A043-1127387E712D}.Debug-U-32|x86.Build.0 = Debug-U-32|Win32
		{A6C00B9D-8B7F-4C43-A043-1127387E712D}.Debug-U-64|x64.ActiveCfg = Debug-U-64|x64
		{A6C00B9D-8B7F-4C43-A043-1127387E712D}.Debug-U-64|x64.Build.0 = Debug-U-64|x64
		{A6C00B9D-8B7F-4C43-A043-1127387E712D}.Debug-U-64|x86.ActiveCfg = Debug-U-64|Win32
		{A6C00B9D-8B7F-4C43-A043-1127387E712D}.Debug-U-64|x86.Build.0 = Debug-U-64|Win32
		{A6C00B9D-8B7F-4C43-A043-1127387E712D}.Release-A-32|x64.ActiveCfg = Release-A-32|x64
		{A6C00B9D-8B7F-4C43-A043-1127387E712D}.Release-A-32|x64.Build.0 = Release-A-32|x64
		{A6C00B9D-8B7F-4C43-A043-1127387E712D}.Release-A-32|x86.ActiveCfg = Release-A-32|Win32
		{A6C00B9D-8B7F-4C43-A043-1127387E712D}.Release-A-32|x86.Build.0 = Release-A-32|Win32
		{A6C00B9D-8B7F-4C43-A043-1127387E712D}.Release-DbgMemLeaks-U-32|x64.ActiveCfg = Release-DbgMemLeaks-U-32|x64
		{A6C00B9D-8B7F-4C43-A043-1127387E712D}.Release-DbgMemLeaks-U-32|x64.Build.0 = Release-DbgMemLeaks-U-32|x64
		{A6C00B9D-8B7F-4C43-A043-1127387E712D}.Release-DbgMemLeaks-U-32|x86.ActiveCfg = Release-DbgMemLeaks-U-32|Win32
		{A6C00B9D-8B7F-4C43-A043-1127387E712D}.Release-DbgMemLeaks-U-32|x86.Build.0 = Release-DbgMemLeaks-U-32|Win32
		{A6C00B9D-8B7F-4C43-A043-1127387E712D}.Release-Logging-U-32|x64.ActiveCfg = Release-Logging-U-32|x64
		{A6C00B9D-8B7F-4C43-A043-1127387E712D}.Release-Logging-U-32|x64.Build.0 = Release-Logging-U-32|x64
		{A6C00B9D-8B7F-4C43-A043-1127387E712D}.Release-Logging-U-32|x86.ActiveCfg = Release-Logging-U-32|Win32
		{A6C00B9D-8B7F-4C43-A043-1127387E712D}.Release-Logging-U-32|x86.Build.0 = Release-Logging-U-32|Win32
		{A6C00B9D-8B7F-4C43-A043-1127387E712D}.Release-Logging-U-64|x64.ActiveCfg = Release-Logging-U-64|x64
		{A6C00B9D-8B7F-4C43-A043-1127387E712D}.Release-Logging-U-64|x64.Build.0 = Release-Logging-U-64|x64
		{A6C00B9D-8B7F-4C43-A043-1127387E712D}.Release-Logging-U-64|x86.ActiveCfg = Release-Logging-U-64|Win32
		{A6C00B9D-8B7F-4C43-A043-1127387E712D}.Release-Logging-U-64|x86.Build.0 = Release-Logging-U-64|Win32
		{A6C00B9D-8B7F-4C43-A043-1127387E712D}.Release-U-32|x64.ActiveCfg = Release-U-32|x64
		{A6C00B9D-8B7F-4C43-A043-1127387E712D}.Release-U-32|x64.Build.0 = Release-U-32|x64
		{A6C00B9D-8B7F-4C43-A043-1127387E712D}.Release-U-32|x86.ActiveCfg = Release-U-32|Win32
		{A6C00B9D-8B7F-4C43-A043-1127387E712D}.Release-U-32|x86.Build.0 = Release-U-32|Win32
		{A6C00B9D-8B7F-4C43-A043-1127387E712D}.Release-U-64|x64.ActiveCfg = Release-U-64|x64
		{A6C00B9D-8B7F-4C43-A043-1127387E712D}.Release-U-64|x64.Build.0 = Release-U-64|x64
		{A6C00B9D-8B7F-4C43-A043-1127387E712D}.Release-U-64|x86.ActiveCfg = Release-U-64|Win32
		{A6C00B9D-8B7F-4C43-A043-1127387E712D}.Release-U-64|x86.Build.0 = Release-U-64|Win32
		{BB1903E4-C75B-430B-9E6F-8CAEA64BF194}.Debug-A-32|x64.ActiveCfg = Debug-A-32|x64
		{BB1903E4-C75B-430B-9E6F-8CAEA64BF194}.Debug-A-32|x64.Build.0 = Debug-A-32|x64
		{BB1903E4-C75B-430B-9E6F-8CAEA64BF194}.Debug-A-32|x86.ActiveCfg = Debug-A-32|Win32
		{BB1903E4-C75B-430B-9E6F-8CAEA64BF194}.Debug-A-32|x86.Build.0 = Debug-A-32|Win32
		{BB1903E4-C75B-430B-9E6F-8CAEA64BF194}.Debug-U-32|x64.ActiveCfg = Debug-U-32|x64
		{BB1903E4-C75B-430B-9E6F-8CAEA64BF194}.Debug-U-32|x64.Build.0 = Debug-U-32|x64
		{BB1903E4-C75B-430B-9E6F-8CAEA64BF194}.Debug-U-32|x86.ActiveCfg = Debug-U-32|Win32
		{BB1903E4-C75B-430B-9E6F-8CAEA64BF194}.Debug-U-32|x86.Build.0 = Debug-U-32|Win32
		{BB1903E4-C75B-430B-9E6F-8CAEA64BF194}.Debug-U-64|x64.ActiveCfg = Debug-U-64|x64
		{BB1903E4-C75B-430B-9E6F-8CAEA64BF194}.Debug-U-64|x64.Build.0 = Debug-U-64|x64
		{BB1903E4-C75B-430B-9E6F-8CAEA64BF194}.Debug-U-64|x86.ActiveCfg = Debug-U-64|Win32
		{BB1903E4-C75B-430B-9E6F-8CAEA64BF194}.Debug-U-64|x86.Build.0 = Debug-U-64|Win32
		{BB1903E4-C75B-430B-9E6F-8CAEA64BF194}.Release-A-32|x64.ActiveCfg = Release-A-32|x64
		{BB1903E4-C75B-430B-9E6F-8CAEA64BF194}.Release-A-32|x64.Build.0 = Release-A-32|x64
		{BB1903E4-C75B-430B-9E6F-8CAEA64BF194}.Release-A-32|x86.ActiveCfg = Release-A-32|Win32
		{BB1903E4-C75B-430B-9E6F-8CAEA64BF194}.Release-A-32|x86.Build.0 = Release-A-32|Win32
		{BB1903E4-C75B-430B-9E6F-8CAEA64BF194}.Release-DbgMemLeaks-U-32|x64.ActiveCfg = Release-DbgMemLeaks-U-32|x64
		{BB1903E4-C75B-430B-9E6F-8CAEA64BF194}.Release-DbgMemLeaks-U-32|x64.Build.0 = Release-DbgMemLeaks-U-32|x64
		{BB1903E4-C75B-430B-9E6F-8CAEA64BF194}.Release-DbgMemLeaks-U-32|x86.ActiveCfg = Release-DbgMemLeaks-U-32|Win32
		{BB1903E4-C75B-430B-9E6F-8CAEA64BF194}.Release-DbgMemLeaks-U-32|x86.Build.0 = Release-DbgMemLeaks-U-32|Win32
		{BB1903E4-C75B-430B-9E6F-8CAEA64BF194}.Release-Logging-U-32|x64.ActiveCfg = Release-Logging-U-32|x64
		{BB1903E4-C75B-430B-9E6F-8CAEA64BF194}.Release-Logging-U-32|x64.Build.0 = Release-Logging-U-32|x64
		{BB1903E4-C75B-430B-9E6F-8CAEA64BF194}.Release-Logging-U-32|x86.ActiveCfg = Release-Logging-U-32|Win32
		{BB1903E4-C75B-430B-9E6F-8CAEA64BF194}.Release-Logging-U-32|x86.Build.0 = Release-Logging-U-32|Win32
		{BB1903E4-C75B-430B-9E6F-8CAEA64BF194}.Release-Logging-U-64|x64.ActiveCfg = Release-Logging-U-64|x64
		{BB1903E4-C75B-430B-9E6F-8CAEA64BF194}.Release-Logging-U-64|x64.Build.0 = Release-Logging-U-64|x64
		{BB1903E4-C75B-430B-9E6F-8CAEA64BF194}.Release-Logging-U-64|x86.ActiveCfg = Release-Logging-U-64|Win32
		{BB1903E4-C75B-430B-9E6F-8CAEA64BF194}.Release-Logging-U-64|x86.Build.0 = Release-Logging-U-64|Win32
		{BB1903E4-C75B-430B-9E6F-8CAEA64BF194}.Release-U-32|x64.ActiveCfg = Release-U-32|x64
		{BB1903E4-C75B-430B-9E6F-8CAEA64BF194}.Release-U-32|x64.Build.0 = Release-U-32|x64
		{BB1903E4-C75B-430B-9E6F-8CAEA64BF194}.Release-U-32|x86.ActiveCfg = Release-U-32|Win32
		{BB1903E4-C75B-430B-9E6F-8CAEA64BF194}.Release-U-32|x86.Build.0 = Release-U-32|Win32
		{BB1903E4-C75B-430B-9E6F-8CAEA64BF194}.Release-U-64|x64.ActiveCfg = Release-U-64|x64
		{BB1903E4-C75B-430B-9E6F-8CAEA64BF194}.Release-U-64|x64.Build.0 = Release-U-64|x64
		{BB1903E4-C75B-430B-9E6F-8CAEA64BF194}.Release-U-64|x86.ActiveCfg = Release-U-64|Win32
		{BB1903E4-C75B-430B-9E6F-8CAEA64BF194}.Release-U-64|x86.Build.0 = Release-U-64|Win32
		{76C03E61-1308-4973-ABDA-2E83210A5B52}.Debug-A-32|x64.ActiveCfg = Debug-A-32|x64
		{76C03E61-1308-4973-ABDA-2E83210A5B52}.Debug-A-32|x64.Build.0 = Debug-A-32|x64
		{76C03E61-1308-4973-ABDA-2E83210A5B52}.Debug-A-32|x86.ActiveCfg = Debug-A-32|Win32
		{76C03E61-1308-4973-ABDA-2E83210A5B52}.Debug-A-32|x86.Build.0 = Debug-A-32|Win32
		{76C03E61-1308-4973-ABDA-2E83210A5B52}.Debug-U-32|x64.ActiveCfg = Debug-U-32|x64
		{76C03E61-1308-4973-ABDA-2E83210A5B52}.Debug-U-32|x64.Build.0 = Debug-U-32|x64
		{76C03E61-1308-4973-ABDA-2E83210A5B52}.Debug-U-32|x86.ActiveCfg = Debug-U-32|Win32
		{76C03E61-1308-4973-ABDA-2E83210A5B52}.Debug-U-32|x86.Build.0 = Debug-U-32|Win32
		{76C03E61-1308-4973-ABDA-2E83210A5B52}.Debug-U-64|x64.ActiveCfg = Debug-U-64|x64
		{76C03E61-1308-4973-ABDA-2E83210A5B52}.Debug-U-64|x64.Build.0 = Debug-U-64|x64
		{76C03E61-1308-4973-ABDA-2E83210A5B52}.Debug-U-64|x86.ActiveCfg = Debug-U-64|Win32
		{76C03E61-1308-4973-ABDA-2E83210A5B52}.Debug-U-64|x86.Build.0 = Debug-U-64|Win32
		{76C03E61-1308-4973-ABDA-2E83210A5B52}.Release-A-32|x64.ActiveCfg = Release-A-32|x64
		{76C03E61-1308-4973-ABDA-2E83210A5B52}.Release-A-32|x64.Build.0 = Release-A-32|x64
		{76C03E61-1308-4973-ABDA-2E83210A5B52}.Release-A-32|x86.ActiveCfg = Release-A-32|Win32
		{76C03E61-1308-4973-ABDA-2E83210A5B52}.Release-A-32|x86.Build.0 = Release-A-32|Win32
		{76C03E61-1308-4973-ABDA-2E83210A5B52}.Release-DbgMemLeaks-U-32|x64.ActiveCfg = Release-DbgMemLeaks-U-32|x64
		{76C03E61-1308-4973-ABDA-2E83210A5B52}.Release-DbgMemLeaks-U-32|x64.Build.0 = Release-DbgMemLeaks-U-32|x64
		{76C03E61-1308-4973-ABDA-2E83210A5B52}.Release-DbgMemLeaks-U-32|x86.ActiveCfg = Release-DbgMemLeaks-U-32|Win32
		{76C03E61-1308-4973-ABDA-2E83210A5B52}.Release-DbgMemLeaks-U-32|x86.Build.0 = Release-DbgMemLeaks-U-32|Win32
		{76C03E61-1308-4973-ABDA-2E83210A5B52}.Release-Logging-U-32|x64.ActiveCfg = Release-Logging-U-32|x64
		{76C03E61-1308-4973-ABDA-2E83210A5B52}.Release-Logging-U-32|x64.Build.0 = Release-Logging-U-32|x64
		{76C03E61-1308-4973-ABDA-2E83210A5B52}.Release-Logging-U-32|x86.ActiveCfg = Release-Logging-U-32|Win32
		{76C03E61-1308-4973-ABDA-2E83210A5B52}.Release-Logging-U-32|x86.Build.0 = Release-Logging-U-32|Win32
		{76C03E61-1308-4973-ABDA-2E83210A5B52}.Release-Logging-U-64|x64.ActiveCfg = Release-Logging-U-64|x64
		{76C03E61-1308-4973-ABDA-2E83210A5B52}.Release-Logging-U-64|x64.Build.0 = Release-Logging-U-64|x64
		{76C03E61-1308-4973-ABDA-2E83210A5B52}.Release-Logging-U-64|x86.ActiveCfg = Release-Logging-U-64|Win32
		{76C03E61-1308-4973-ABDA-2E83210A5B52}.Release-Logging-U-64|x86.Build.0 = Release-Logging-U-64|Win32
		{76C03E61-1308-4973-ABDA-2E83210A5B52}.Release-U-32|x64.ActiveCfg = Release-U-32|x64
		{76C03E61-1308-4973-ABDA-2E83210A5B52}.Release-U-32|x64.Build.0 = Release-U-32|x64
		{76C03E61-1308-4973-ABDA-2E83210A5B52}.Release-U-32|x86.ActiveCfg = Release-U-32|Win32
		{76C03E61-1308-4973-ABDA-2E83210A5B52}.Release-U-32|x86.Build.0 = Release-U-32|Win32
		{76C03E61-1308-4973-ABDA-2E83210A5B52}.Release-U-64|x64.ActiveCfg = Release-U-64|x64
		{76C03E61-1308-4973-ABDA-2E83210A5B52}.Release-U-64|x64.Build.0 = Release-U-64|x64
		{76C03E61-1308-4973-ABDA-2E83210A5B52}.Release-U-64|x86.ActiveCfg = Release-U-64|Win32
		{76C03E61-1308-4973-ABDA-2E83210A5B52}.Release-U-64|x86.Build.0 = Release-U-64|Win32
		{5AFC8E54-EFA6-45A6-9E8F-7BB89C84AE5B}.Debug-A-32|x64.ActiveCfg = Debug-A-32|x64
		{5AFC8E54-EFA6-45A6-9E8F-7BB89C84AE5B}.Debug-A-32|x64.Build.0 = Debug-A-32|x64
		{5AFC8E54-EFA6-45A6-9E8F-7BB89C84AE5B}.Debug-A-32|x86.ActiveCfg = Debug-A-32|Win32
		{5AFC8E54-EFA6-45A6-9E8F-7BB89C84AE5B}.Debug-A-32|x86.Build.0 = Debug-A-32|Win32
		{5AFC8E54-EFA6-45A6-9E8F-7BB89C84AE5B}.Debug-U-32|x64.ActiveCfg = Debug-U-32|x64
		{5AFC8E54-EFA6-45A6-9E8F-7BB89C84AE5B}.Debug-U-32|x64.Build.0 = Debug-U-32|x64
		{5AFC8E54-EFA6-45A6-9E8F-7BB89C84AE5B}.Debug-U-32|x86.ActiveCfg = Debug-U-32|Win32
		{5AFC8E54-EFA6-45A6-9E8F-7BB89C84AE5B}.Debug-U-32|x86.Build.0 = Debug-U-32|Win32
		{5AFC8E54-EFA6-45A6-9E8F-7BB89C84AE5B}.Debug-U-64|x64.ActiveCfg = Debug-U-64|x64
		{5AFC8E54-EFA6-45A6-9E8F-7BB89C84AE5B}.Debug-U-64|x64.Build.0 = Debug-U-64|x64
		{5AFC8E54-EFA6-45A6-9E8F-7BB89C84AE5B}.Debug-U-64|x86.ActiveCfg = Debug-U-64|Win32
		{5AFC8E54-EFA6-45A6-9E8F-7BB89C84AE5B}.Debug-U-64|x86.Build.0 = Debug-U-64|Win32
		{5AFC8E54-EFA6-45A6-9E8F-7BB89C84AE5B}.Release-A-32|x64.ActiveCfg = Release-A-32|x64
		{5AFC8E54-EFA6-45A6-9E8F-7BB89C84AE5B}.Release-A-32|x64.Build.0 = Release-A-32|x64
		{5AFC8E54-EFA6-45A6-9E8F-7BB89C84AE5B}.Release-A-32|x86.ActiveCfg = Release-A-32|Win32
		{5AFC8E54-EFA6-45A6-9E8F-7BB89C84AE5B}.Release-A-32|x86.Build.0 = Release-A-32|Win32
		{5AFC8E54-EFA6-45A6-9E8F-7BB89C84AE5B}.Release-DbgMemLeaks-U-32|x64.ActiveCfg = Release-DbgMemLeaks-U-32|x64
		{5AFC8E54-EFA6-45A6-9E8F-7BB89C84AE5B}.Release-DbgMemLeaks-U-32|x64.Build.0 = Release-DbgMemLeaks-U-32|x64
		{5AFC8E54-EFA6-45A6-9E8F-7BB89C84AE5B}.Release-DbgMemLeaks-U-32|x86.ActiveCfg = Release-DbgMemLeaks-U-32|Win32
		{5AFC8E54-EFA6-45A6-9E8F-7BB89C84AE5B}.Release-DbgMemLeaks-U-32|x86.Build.0 = Release-DbgMemLeaks-U-32|Win32
		{5AFC8E54-EFA6-45A6-9E8F-7BB89C84AE5B}.Release-Logging-U-32|x64.ActiveCfg = Release-Logging-U-32|x64
		{5AFC8E54-EFA6-45A6-9E8F-7BB89C84AE5B}.Release-Logging-U-32|x64.Build.0 = Release-Logging-U-32|x64
		{5AFC8E54-EFA6-45A6-9E8F-7BB89C84AE5B}.Release-Logging-U-32|x86.ActiveCfg = Release-Logging-U-32|Win32
		{5AFC8E54-EFA6-45A6-9E8F-7BB89C84AE5B}.Release-Logging-U-32|x86.Build.0 = Release-Logging-U-32|Win32
		{5AFC8E54-EFA6-45A6-9E8F-7BB89C84AE5B}.Release-Logging-U-64|x64.ActiveCfg = Release-Logging-U-64|x64
		{5AFC8E54-EFA6-45A6-9E8F-7BB89C84AE5B}.Release-Logging-U-64|x64.Build.0 = Release-Logging-U-64|x64
		{5AFC8E54-EFA6-45A6-9E8F-7BB89C84AE5B}.Release-Logging-U-64|x86.ActiveCfg = Release-Logging-U-64|Win32
		{5AFC8E54-EFA6-45A6-9E8F-7BB89C84AE5B}.Release-Logging-U-64|x86.Build.0 = Release-Logging-U-64|Win32
		{5AFC8E54-EFA6-45A6-9E8F-7BB89C84AE5B}.Release-U-32|x64.ActiveCfg = Release-U-32|x64
		{5AFC8E54-EFA6-45A6-9E8F-7BB89C84AE5B}.Release-U-32|x64.Build.0 = Release-U-32|x64
		{5AFC8E54-EFA6-45A6-9E8F-7BB89C84AE5B}.Release-U-32|x86.ActiveCfg = Release-U-32|Win32
		{5AFC8E54-EFA6-45A6-9E8F-7BB89C84AE5B}.Release-U-32|x86.Build.0 = Release-U-32|Win32
		{5AFC8E54-EFA6-45A6-9E8F-7BB89C84AE5B}.Release-U-64|x64.ActiveCfg = Release-U-64|x64
		{5AFC8E54-EFA6-45A6-9E8F-7BB89C84AE5B}.Release-U-64|x64.Build.0 = Release-U-64|x64
		{5AFC8E54-EFA6-45A6-9E8F-7BB89C84AE5B}.Release-U-64|x86.ActiveCfg = Release-U-64|Win32
		{5AFC8E54-EFA6-45A6-9E8F-7BB89C84AE5B}.Release-U-64|x86.Build.0 = Release-U-64|Win32
	EndGlobalSection
	GlobalSection(SolutionProperties) = preSolution
		HideSolutionNode = FALSE
	EndGlobalSection
EndGlobal
